
Microsoft Visual Studio Solution File, Format Version 12.00
# Visual Studio Version 17
VisualStudioVersion = 17.1.32328.378
MinimumVisualStudioVersion = 10.0.40219.1
Project("{FAE04EC0-301F-11D3-BF4B-00C04F79EFBC}") = "solution3", "solution3\solution3.csproj", "{E347E98E-A078-4224-978B-E3CA6A34759C}"
EndProject
Global
	GlobalSection(SolutionConfigurationPlatforms) = preSolution
		Debug|Any CPU = Debug|Any CPU
		Release|Any CPU = Release|Any CPU
	EndGlobalSection
	GlobalSection(ProjectConfigurationPlatforms) = postSolution
		{E347E98E-A078-4224-978B-E3CA6A34759C}.Debug|Any CPU.ActiveCfg = Debug|Any CPU
		{E347E98E-A078-4224-978B-E3CA6A34759C}.Debug|Any CPU.Build.0 = Debug|Any CPU
		{E347E98E-A078-4224-978B-E3CA6A34759C}.Release|Any CPU.ActiveCfg = Release|Any CPU
		{E347E98E-A078-4224-978B-E3CA6A34759C}.Release|Any CPU.Build.0 = Release|Any CPU
	EndGlobalSection
	GlobalSection(SolutionProperties) = preSolution
		HideSolutionNode = FALSE
	EndGlobalSection
	GlobalSection(ExtensibilityGlobals) = postSolution
		SolutionGuid = {F3B106CE-FAA7-49DB-B452-B2E9F6FBE40B}
	EndGlobalSection
EndGlobal
